
Microsoft Visual Studio Solution File, Format Version 12.00
# Visual Studio Version 17
VisualStudioVersion = 17.3.32929.385
MinimumVisualStudioVersion = 10.0.40219.1
Project("{FAE04EC0-301F-11D3-BF4B-00C04F79EFBC}") = "Projeto Controle de Vendas", "Projeto Controle de Vendas.csproj", "{35796483-5A84-4FFA-ABAC-F497751EB389}"
EndProject
Global
	GlobalSection(SolutionConfigurationPlatforms) = preSolution
		Debug|Any CPU = Debug|Any CPU
		Release|Any CPU = Release|Any CPU
	EndGlobalSection
	GlobalSection(ProjectConfigurationPlatforms) = postSolution
		{35796483-5A84-4FFA-ABAC-F497751EB389}.Debug|Any CPU.ActiveCfg = Debug|Any CPU
		{35796483-5A84-4FFA-ABAC-F497751EB389}.Debug|Any CPU.Build.0 = Debug|Any CPU
		{35796483-5A84-4FFA-ABAC-F497751EB389}.Release|Any CPU.ActiveCfg = Release|Any CPU
		{35796483-5A84-4FFA-ABAC-F497751EB389}.Release|Any CPU.Build.0 = Release|Any CPU
	EndGlobalSection
	GlobalSection(SolutionProperties) = preSolution
		HideSolutionNode = FALSE
	EndGlobalSection
	GlobalSection(ExtensibilityGlobals) = postSolution
		SolutionGuid = {7FE5BABA-FF8D-45F5-AAC5-2E99E8258941}
	EndGlobalSection
EndGlobal
